
Microsoft Visual Studio Solution File, Format Version 12.00
# Visual Studio Version 17
VisualStudioVersion = 17.14.36518.9 d17.14
MinimumVisualStudioVersion = 10.0.40219.1
Project("{FAE04EC0-301F-11D3-BF4B-00C04F79EFBC}") = "Blogy.Entity", "Blogy.Entity\Blogy.Entity.csproj", "{C0B6C11F-A851-4C11-9DD2-1CDAC789319B}"
EndProject
Project("{FAE04EC0-301F-11D3-BF4B-00C04F79EFBC}") = "Blogy.DataAccess", "Blogy.DataAccess\Blogy.DataAccess.csproj", "{BBF0F1A4-CD16-41A2-B9F5-40791623A8F1}"
EndProject
Project("{FAE04EC0-301F-11D3-BF4B-00C04F79EFBC}") = "Blogy.Business", "Blogy.Business\Blogy.Business.csproj", "{59830F7C-3F6F-4D48-9439-862F6B39EC45}"
EndProject
Project("{FAE04EC0-301F-11D3-BF4B-00C04F79EFBC}") = "Blogy.WebUI", "Blogy.WebUI\Blogy.WebUI.csproj", "{29423E7F-78BC-4BD8-9B4E-C68E05BA999D}"
EndProject
Global
	GlobalSection(SolutionConfigurationPlatforms) = preSolution
		Debug|Any CPU = Debug|Any CPU
		Release|Any CPU = Release|Any CPU
	EndGlobalSection
	GlobalSection(ProjectConfigurationPlatforms) = postSolution
		{C0B6C11F-A851-4C11-9DD2-1CDAC789319B}.Debug|Any CPU.ActiveCfg = Debug|Any CPU
		{C0B6C11F-A851-4C11-9DD2-1CDAC789319B}.Debug|Any CPU.Build.0 = Debug|Any CPU
		{C0B6C11F-A851-4C11-9DD2-1CDAC789319B}.Release|Any CPU.ActiveCfg = Release|Any CPU
		{C0B6C11F-A851-4C11-9DD2-1CDAC789319B}.Release|Any CPU.Build.0 = Release|Any CPU
		{BBF0F1A4-CD16-41A2-B9F5-40791623A8F1}.Debug|Any CPU.ActiveCfg = Debug|Any CPU
		{BBF0F1A4-CD16-41A2-B9F5-40791623A8F1}.Debug|Any CPU.Build.0 = Debug|Any CPU
		{BBF0F1A4-CD16-41A2-B9F5-40791623A8F1}.Release|Any CPU.ActiveCfg = Release|Any CPU
		{BBF0F1A4-CD16-41A2-B9F5-40791623A8F1}.Release|Any CPU.Build.0 = Release|Any CPU
		{59830F7C-3F6F-4D48-9439-862F6B39EC45}.Debug|Any CPU.ActiveCfg = Debug|Any CPU
		{59830F7C-3F6F-4D48-9439-862F6B39EC45}.Debug|Any CPU.Build.0 = Debug|Any CPU
		{59830F7C-3F6F-4D48-9439-862F6B39EC45}.Release|Any CPU.ActiveCfg = Release|Any CPU
		{59830F7C-3F6F-4D48-9439-862F6B39EC45}.Release|Any CPU.Build.0 = Release|Any CPU
		{29423E7F-78BC-4BD8-9B4E-C68E05BA999D}.Debug|Any CPU.ActiveCfg = Debug|Any CPU
		{29423E7F-78BC-4BD8-9B4E-C68E05BA999D}.Debug|Any CPU.Build.0 = Debug|Any CPU
		{29423E7F-78BC-4BD8-9B4E-C68E05BA999D}.Release|Any CPU.ActiveCfg = Release|Any CPU
		{29423E7F-78BC-4BD8-9B4E-C68E05BA999D}.Release|Any CPU.Build.0 = Release|Any CPU
	EndGlobalSection
	GlobalSection(SolutionProperties) = preSolution
		HideSolutionNode = FALSE
	EndGlobalSection
	GlobalSection(ExtensibilityGlobals) = postSolution
		SolutionGuid = {9219EF4C-BE32-4338-AA5A-309BF505A37C}
	EndGlobalSection
EndGlobal
